version = 1
revision = 3
requires-python = ">=3.12"

[[package]]
name = "git-cliff"
version = "2.13.1"
source = { registry = "https://pypi.org/simple" }
sdist = { url = "https://files.pythonhosted.org/packages/62/57/b12494e2cbc3c9154c942e64659b5aec2b1ce9f12d07f6dc6167e2c63ae5/git_cliff-2.13.1.tar.gz", hash = "sha256:e949ea9c3951ba6037b99eec465162be2584f27f0836ace45f44d6f45650f8c6", size = 113119, upload-time = "2026-04-26T10:33:42.331Z" }
wheels = [
    { url = "https://files.pythonhosted.org/packages/8f/dd/24768c3c0030710d36706c17b997d06aee27cb76b27ab2abb058ae254175/git_cliff-2.13.1-py3-none-macosx_10_12_x86_64.whl", hash = "sha256:08a9cb0ec760e165210ed22fefa295b6549a3520b420db995ccbb3620cbb1fbe", size = 7260035, upload-time = "2026-04-26T10:33:16.269Z" },
    { url = "https://files.pythonhosted.org/packages/22/df/842973ead79d27a58cd1eccd167191c0a71513e5c1e9dc30337dafdb7d36/git_cliff-2.13.1-py3-none-macosx_11_0_arm64.whl", hash = "sha256:e92cf470ecbe73f7d2963dfa80e8961a6b76888d0c19949b0f028a28a0a0470c", size = 6854384, upload-time = "2026-04-26T10:33:18.808Z" },
    { url = "https://files.pythonhosted.org/packages/7c/4d/6d6efa7d61be8632563990ccd402e401695e4a85a0bb1002f28730d03268/git_cliff-2.13.1-py3-none-manylinux_2_17_aarch64.manylinux2014_aarch64.whl", hash = "sha256:2e8d8e420adf6a36b97e0fbdbf2b07e47712199a9baf3675c9a759430243ea26", size = 7308164, upload-time = "2026-04-26T10:33:20.869Z" },
    { url = "https://files.pythonhosted.org/packages/f0/4a/98b8d2f53a2d0b7d313e98ab363ad7e0d6a514e878a8d678f22402cb0ec7/git_cliff-2.13.1-py3-none-manylinux_2_17_x86_64.manylinux2014_x86_64.whl", hash = "sha256:1ab059d671565189faa4f3858b2fb42535aa39fe265ad95d84d5c116a2724fc7", size = 7687163, upload-time = "2026-04-26T10:33:23.096Z" },
    { url = "https://files.pythonhosted.org/packages/c7/07/cdd149b3909644aa3f0be7960406d9bbb38598f8618e039ac48cbb43ded6/git_cliff-2.13.1-py3-none-manylinux_2_28_aarch64.whl", hash = "sha256:a93db30da45967c42df607fbbc2092111fcd576b0ca9e2fbddd3f653d8c71be7", size = 7317670, upload-time = "2026-04-26T10:33:25.323Z" },
    { url = "https://files.pythonhosted.org/packages/2e/11/6d377a7f3113f6e26d87a28a32013eb05bd62bce176d6f8ee808e4868c1f/git_cliff-2.13.1-py3-none-manylinux_2_5_i686.manylinux1_i686.whl", hash = "sha256:df9f5a2bd16e5225030c9c2362e6ac70b34a906c0fbb83f8cbf5ae46932ba0d2", size = 7502294, upload-time = "2026-04-26T10:33:27.315Z" },
    { url = "https://files.pythonhosted.org/packages/80/6b/e1da9acf3aec99e6600be02b6ce0c9e8bd42d072e3120384514c905231e2/git_cliff-2.13.1-py3-none-manylinux_2_5_x86_64.manylinux1_x86_64.whl", hash = "sha256:c12276784d280aa6a7148d3e52ff139e891f4c97720cd9be581b19892ea39fe0", size = 7927258, upload-time = "2026-04-26T10:33:29.554Z" },
    { url = "https://files.pythonhosted.org/packages/ed/ea/9f2188a5e474e5f02193d9c1cdf7028773d483a3f508a1df4f1d93c9cc80/git_cliff-2.13.1-py3-none-musllinux_1_2_aarch64.whl", hash = "sha256:17da93dc605cbc48c762770402067fa726437cedbd62514f9caef6e0ccb58a43", size = 7308153, upload-time = "2026-04-26T10:33:31.589Z" },
    { url = "https://files.pythonhosted.org/packages/b3/70/5e2b2a0e42c07956f911e1eccd6dc6d79b96fc6c8a604a526c1ee0474c84/git_cliff-2.13.1-py3-none-musllinux_1_2_i686.whl", hash = "sha256:cd4a08cf3f638ec71d2ed451aa8673bef99e1107a36366153db97ca18d981655", size = 7502287, upload-time = "2026-04-26T10:33:33.894Z" },
    { url = "https://files.pythonhosted.org/packages/05/50/cc4c1d3d360621c0235d66d2c74472d9993d8aadf23ffa311eaf29d7a3aa/git_cliff-2.13.1-py3-none-musllinux_1_2_x86_64.whl", hash = "sha256:c5bb87f6e1db18be09e50c9d59234dc949713e20c2700e94eca378d22ad79719", size = 7927253, upload-time = "2026-04-26T10:33:36.205Z" },
    { url = "https://files.pythonhosted.org/packages/86/5d/717d30f37dad65a6cc5220b04a3ef1bc44c31fb56d0ce2895114e159df4f/git_cliff-2.13.1-py3-none-win32.whl", hash = "sha256:c8878972e0a6c26d9137fc406a611116239333578d95ac05064d2807920bd83c", size = 6718261, upload-time = "2026-04-26T10:33:38.1Z" },
    { url = "https://files.pythonhosted.org/packages/99/b2/99fac50978b9a90bfec0f1b89354a667ec83f4990301f6c708abce05484e/git_cliff-2.13.1-py3-none-win_amd64.whl", hash = "sha256:856d831a0bede9c258229dbd4d4c2b1c0810d8fce3d3882729669e8dc09c72bf", size = 7714969, upload-time = "2026-04-26T10:33:40.163Z" },
]

[[package]]
name = "joss-paper-template"
source = { editable = "." }

[package.dev-dependencies]
dev = [
    { name = "prek" },
]
release = [
    { name = "git-cliff" },
]

[package.metadata]

[package.metadata.requires-dev]
dev = [{ name = "prek", specifier = ">=0.3.13" }]
release = [{ name = "git-cliff", specifier = ">=2.13.1" }]

[[package]]
name = "prek"
version = "0.4.0"
source = { registry = "https://pypi.org/simple" }
sdist = { url = "https://files.pythonhosted.org/packages/6f/68/00050a4184f038a622855b1989b013d0ac5bfc0a29bf3cdbd1ed823595d8/prek-0.4.0.tar.gz", hash = "sha256:47f42477c8453c7440e4e656e5ab0c2a1e4c25daa5ed441a9ac1a2b7634abc12", size = 446399, upload-time = "2026-05-14T10:50:35.194Z" }
wheels = [
    { url = "https://files.pythonhosted.org/packages/2b/83/e4f5f574b8b3a80305a638e0cb2d46e3aa9596ac2b1e2dd6c910fedea376/prek-0.4.0-py3-none-linux_armv6l.whl", hash = "sha256:f4cba2132e038349b4b0a00a73b300e4192bae9f78fff8df0365c00bd19140e7", size = 5509604, upload-time = "2026-05-14T10:50:39.306Z" },
    { url = "https://files.pythonhosted.org/packages/05/de/ee9b8648944d44a8403ca49172d60936f5476196a7baf38c86df4aec7243/prek-0.4.0-py3-none-macosx_10_12_x86_64.whl", hash = "sha256:944670565dfb3800465355f299effa31572822566d10c6210e6f76bf399ddf53", size = 5877244, upload-time = "2026-05-14T10:50:54.213Z" },
    { url = "https://files.pythonhosted.org/packages/33/f8/2e6021993332a249667102de0960160aa942880b0634d3e8920d062ebdb4/prek-0.4.0-py3-none-macosx_11_0_arm64.whl", hash = "sha256:a8272f32e698eae514556086ad73d02026ec00bbd4d26c420f761ea857cfd795", size = 5435063, upload-time = "2026-05-14T10:50:31.75Z" },
    { url = "https://files.pythonhosted.org/packages/2a/8b/98fef34684f52c7f5b7b56bce14aec2b24b7abbcd7b6523cc83a63f74c58/prek-0.4.0-py3-none-manylinux_2_17_aarch64.manylinux2014_aarch64.musllinux_1_1_aarch64.whl", hash = "sha256:a860fda0f27f872622689358a583e5f2a5771241331848233274f4cfeb8ae9bb", size = 5690323, upload-time = "2026-05-14T10:50:42.583Z" },
    { url = "https://files.pythonhosted.org/packages/00/18/bf18cf0d3ab5b5eddadc6ade754ba6269ae857b32a4605036397ec56ccc1/prek-0.4.0-py3-none-manylinux_2_17_armv7l.manylinux2014_armv7l.whl", hash = "sha256:473ce0262e36b8e77b327941ad6d5747ac451b4c441cdc86dab95640b68fff72", size = 5423877, upload-time = "2026-05-14T10:50:36.434Z" },
    { url = "https://files.pythonhosted.org/packages/ce/1e/881f18b3cbf6fdca4ec8eb62d2c2e0cb9458fd4cebd136f5e0f76c7aa8d2/prek-0.4.0-py3-none-manylinux_2_17_i686.manylinux2014_i686.whl", hash = "sha256:e46277b577991ccdc7b13e2cfa7d260ae13e77f5af543e50e188799f649f0ad8", size = 5830461, upload-time = "2026-05-14T10:50:45.885Z" },
    { url = "https://files.pythonhosted.org/packages/91/ea/1623391bdf1e103d7959cc7d41caedcd1ab982412c7db9f9f9ee5c0e09f4/prek-0.4.0-py3-none-manylinux_2_17_s390x.manylinux2014_s390x.whl", hash = "sha256:b60bd4fdc323896a5bada2708734d16ff59ee5e32b8c390ae2ebe328426964a3", size = 6717949, upload-time = "2026-05-14T10:50:51.133Z" },
    { url = "https://files.pythonhosted.org/packages/da/56/59d73f20d3bf5ec1d1e88f24473cf77fb485acefd285c1eb79d2f102e8dc/prek-0.4.0-py3-none-manylinux_2_17_x86_64.manylinux2014_x86_64.whl", hash = "sha256:7203bff21e622a5482e956384c43990b0092faab02f72118275839a77a45e939", size = 6104294, upload-time = "2026-05-14T10:50:57.251Z" },
    { url = "https://files.pythonhosted.org/packages/b7/7f/c03e17c06069b96805c3579c00f830bad0e700f30aa3fed08c78958be77a/prek-0.4.0-py3-none-manylinux_2_28_aarch64.whl", hash = "sha256:44e3716a3e2983add2c094775d564536342011e84f770132389819c965513d6d", size = 5703788, upload-time = "2026-05-14T10:50:55.717Z" },
    { url = "https://files.pythonhosted.org/packages/93/6f/f5664a1712ba214f67a0e93411dc62893a02165b5f04f3182e2c188d0623/prek-0.4.0-py3-none-manylinux_2_31_riscv64.whl", hash = "sha256:6e3a0e43d7f345a5e32962736c335b5fc466d499f2556fb6f24028dd08108618", size = 5538311, upload-time = "2026-05-14T10:50:33.859Z" },
    { url = "https://files.pythonhosted.org/packages/d9/af/8a2aa0e02363e96d05a21ca73b4ea862459535bf6cf293710594396df450/prek-0.4.0-py3-none-musllinux_1_1_armv7l.whl", hash = "sha256:0d19efff4537e4a68b5bd61dcbf5ccb2dd8343df3ea9482aabe37d241ff18ddf", size = 5398617, upload-time = "2026-05-14T10:50:37.828Z" },
    { url = "https://files.pythonhosted.org/packages/6e/06/2b175e2ef812a3ab6ebab2dcd7aa0d03aea24852b73c6c4a30882800a01c/prek-0.4.0-py3-none-musllinux_1_1_i686.whl", hash = "sha256:0d9483404e5b8bf65111ee6b821e6cf7a5ba9c3a2065e7a0b7a39a17daaffcc9", size = 5685656, upload-time = "2026-05-14T10:50:40.781Z" },
    { url = "https://files.pythonhosted.org/packages/39/00/aee25867a6e88bb5cadee41dd83745876a273d3c149612424cf068239a8e/prek-0.4.0-py3-none-musllinux_1_1_x86_64.whl", hash = "sha256:01d69684306c67917ed69497d0f523216f13f2306723b62e1ace454209477b45", size = 6217097, upload-time = "2026-05-14T10:50:52.903Z" },
    { url = "https://files.pythonhosted.org/packages/f2/d2/e0cca68af94b7639badd3967fc37ae6159979baf6cc3c7f1d68f0a966bdf/prek-0.4.0-py3-none-win32.whl", hash = "sha256:ce2a8feb5dc1f1e748879d0e14c2145353059b830ac5e3f64d92127ab16efc78", size = 5204721, upload-time = "2026-05-14T10:50:49.269Z" },
    { url = "https://files.pythonhosted.org/packages/2d/5b/462c907502e7b9f634c73de4e6d36fa44b5d652a52a9ddd51811b2030ca7/prek-0.4.0-py3-none-win_amd64.whl", hash = "sha256:b218d92ad5d2ff0b59240d7d837fa9edc61849894958acb3a225efff7a2faa65", size = 5595119, upload-time = "2026-05-14T10:50:47.482Z" },
    { url = "https://files.pythonhosted.org/packages/0d/a0/a0be2f73cbc8fd65a5e1de576aa5a5324339c7cc9f7dd328009a5e1a3ae1/prek-0.4.0-py3-none-win_arm64.whl", hash = "sha256:ff1f1fa311023418d40a443bca6928a9f5ce073d0b9130b641954183aa31736d", size = 5423774, upload-time = "2026-05-14T10:50:44.19Z" },
]
